
Microsoft Visual Studio Solution File, Format Version 12.00
# Visual Studio 2013
VisualStudioVersion = 12.0.31101.0
MinimumVisualStudioVersion = 10.0.40219.1
Project("{FAE04EC0-301F-11D3-BF4B-00C04F79EFBC}") = "JolTudomE_Api", "JolTudomE_Api\JolTudomE_Api.csproj", "{06B22218-E128-428A-9DBE-28E52B51FA7C}"
EndProject
Project("{FAE04EC0-301F-11D3-BF4B-00C04F79EFBC}") = "JolTudomE_WP", "JolTudomE_WP\JolTudomE_WP.csproj", "{4338A4F2-DF99-49F6-B8A8-90CFF7DE2DCB}"
	ProjectSection(ProjectDependencies) = postProject
		{06B22218-E128-428A-9DBE-28E52B51FA7C} = {06B22218-E128-428A-9DBE-28E52B51FA7C}
	EndProjectSection
EndProject
Project("{FAE04EC0-301F-11D3-BF4B-00C04F79EFBC}") = "LoggerWP", "LoggerWP\LoggerWP.csproj", "{0911FB92-6815-454E-9BB3-8B2FE6CB35E3}"
EndProject
Project("{F088123C-0E9E-452A-89E6-6BA2F21D5CAC}") = "WP_Model", "WP_Model\WP_Model.modelproj", "{C0E11645-7C01-48B7-B103-7657B6835B45}"
EndProject
Project("{00D1A9C2-B5F0-4AF3-8072-F6C62B433612}") = "JolTudomE_DB", "JolTudomE_DB\JolTudomE_DB.sqlproj", "{8C6F388D-A951-4954-B90F-F67B3026790A}"
EndProject
Global
	GlobalSection(SolutionConfigurationPlatforms) = preSolution
		Debug|Any CPU = Debug|Any CPU
		Debug|ARM = Debug|ARM
		Debug|Mixed Platforms = Debug|Mixed Platforms
		Debug|x86 = Debug|x86
		Release|Any CPU = Release|Any CPU
		Release|ARM = Release|ARM
		Release|Mixed Platforms = Release|Mixed Platforms
		Release|x86 = Release|x86
	EndGlobalSection
	GlobalSection(ProjectConfigurationPlatforms) = postSolution
		{06B22218-E128-428A-9DBE-28E52B51FA7C}.Debug|Any CPU.ActiveCfg = Debug|Any CPU
		{06B22218-E128-428A-9DBE-28E52B51FA7C}.Debug|Any CPU.Build.0 = Debug|Any CPU
		{06B22218-E128-428A-9DBE-28E52B51FA7C}.Debug|ARM.ActiveCfg = Debug|Any CPU
		{06B22218-E128-428A-9DBE-28E52B51FA7C}.Debug|Mixed Platforms.ActiveCfg = Debug|Any CPU
		{06B22218-E128-428A-9DBE-28E52B51FA7C}.Debug|Mixed Platforms.Build.0 = Debug|Any CPU
		{06B22218-E128-428A-9DBE-28E52B51FA7C}.Debug|x86.ActiveCfg = Debug|Any CPU
		{06B22218-E128-428A-9DBE-28E52B51FA7C}.Release|Any CPU.ActiveCfg = Release|Any CPU
		{06B22218-E128-428A-9DBE-28E52B51FA7C}.Release|Any CPU.Build.0 = Release|Any CPU
		{06B22218-E128-428A-9DBE-28E52B51FA7C}.Release|ARM.ActiveCfg = Release|Any CPU
		{06B22218-E128-428A-9DBE-28E52B51FA7C}.Release|Mixed Platforms.ActiveCfg = Release|Any CPU
		{06B22218-E128-428A-9DBE-28E52B51FA7C}.Release|Mixed Platforms.Build.0 = Release|Any CPU
		{06B22218-E128-428A-9DBE-28E52B51FA7C}.Release|x86.ActiveCfg = Release|Any CPU
		{4338A4F2-DF99-49F6-B8A8-90CFF7DE2DCB}.Debug|Any CPU.ActiveCfg = Debug|Any CPU
		{4338A4F2-DF99-49F6-B8A8-90CFF7DE2DCB}.Debug|Any CPU.Build.0 = Debug|Any CPU
		{4338A4F2-DF99-49F6-B8A8-90CFF7DE2DCB}.Debug|Any CPU.Deploy.0 = Debug|Any CPU
		{4338A4F2-DF99-49F6-B8A8-90CFF7DE2DCB}.Debug|ARM.ActiveCfg = Debug|ARM
		{4338A4F2-DF99-49F6-B8A8-90CFF7DE2DCB}.Debug|ARM.Build.0 = Debug|ARM
		{4338A4F2-DF99-49F6-B8A8-90CFF7DE2DCB}.Debug|ARM.Deploy.0 = Debug|ARM
		{4338A4F2-DF99-49F6-B8A8-90CFF7DE2DCB}.Debug|Mixed Platforms.ActiveCfg = Debug|x86
		{4338A4F2-DF99-49F6-B8A8-90CFF7DE2DCB}.Debug|Mixed Platforms.Build.0 = Debug|x86
		{4338A4F2-DF99-49F6-B8A8-90CFF7DE2DCB}.Debug|Mixed Platforms.Deploy.0 = Debug|x86
		{4338A4F2-DF99-49F6-B8A8-90CFF7DE2DCB}.Debug|x86.ActiveCfg = Debug|x86
		{4338A4F2-DF99-49F6-B8A8-90CFF7DE2DCB}.Debug|x86.Build.0 = Debug|x86
		{4338A4F2-DF99-49F6-B8A8-90CFF7DE2DCB}.Debug|x86.Deploy.0 = Debug|x86
		{4338A4F2-DF99-49F6-B8A8-90CFF7DE2DCB}.Release|Any CPU.ActiveCfg = Release|Any CPU
		{4338A4F2-DF99-49F6-B8A8-90CFF7DE2DCB}.Release|Any CPU.Build.0 = Release|Any CPU
		{4338A4F2-DF99-49F6-B8A8-90CFF7DE2DCB}.Release|Any CPU.Deploy.0 = Release|Any CPU
		{4338A4F2-DF99-49F6-B8A8-90CFF7DE2DCB}.Release|ARM.ActiveCfg = Release|ARM
		{4338A4F2-DF99-49F6-B8A8-90CFF7DE2DCB}.Release|ARM.Build.0 = Release|ARM
		{4338A4F2-DF99-49F6-B8A8-90CFF7DE2DCB}.Release|ARM.Deploy.0 = Release|ARM
		{4338A4F2-DF99-49F6-B8A8-90CFF7DE2DCB}.Release|Mixed Platforms.ActiveCfg = Release|x86
		{4338A4F2-DF99-49F6-B8A8-90CFF7DE2DCB}.Release|Mixed Platforms.Build.0 = Release|x86
		{4338A4F2-DF99-49F6-B8A8-90CFF7DE2DCB}.Release|Mixed Platforms.Deploy.0 = Release|x86
		{4338A4F2-DF99-49F6-B8A8-90CFF7DE2DCB}.Release|x86.ActiveCfg = Release|x86
		{4338A4F2-DF99-49F6-B8A8-90CFF7DE2DCB}.Release|x86.Build.0 = Release|x86
		{4338A4F2-DF99-49F6-B8A8-90CFF7DE2DCB}.Release|x86.Deploy.0 = Release|x86
		{0911FB92-6815-454E-9BB3-8B2FE6CB35E3}.Debug|Any CPU.ActiveCfg = Debug|Any CPU
		{0911FB92-6815-454E-9BB3-8B2FE6CB35E3}.Debug|Any CPU.Build.0 = Debug|Any CPU
		{0911FB92-6815-454E-9BB3-8B2FE6CB35E3}.Debug|ARM.ActiveCfg = Debug|ARM
		{0911FB92-6815-454E-9BB3-8B2FE6CB35E3}.Debug|ARM.Build.0 = Debug|ARM
		{0911FB92-6815-454E-9BB3-8B2FE6CB35E3}.Debug|Mixed Platforms.ActiveCfg = Debug|x86
		{0911FB92-6815-454E-9BB3-8B2FE6CB35E3}.Debug|Mixed Platforms.Build.0 = Debug|x86
		{0911FB92-6815-454E-9BB3-8B2FE6CB35E3}.Debug|x86.ActiveCfg = Debug|x86
		{0911FB92-6815-454E-9BB3-8B2FE6CB35E3}.Debug|x86.Build.0 = Debug|x86
		{0911FB92-6815-454E-9BB3-8B2FE6CB35E3}.Release|Any CPU.ActiveCfg = Release|Any CPU
		{0911FB92-6815-454E-9BB3-8B2FE6CB35E3}.Release|Any CPU.Build.0 = Release|Any CPU
		{0911FB92-6815-454E-9BB3-8B2FE6CB35E3}.Release|ARM.ActiveCfg = Release|ARM
		{0911FB92-6815-454E-9BB3-8B2FE6CB35E3}.Release|ARM.Build.0 = Release|ARM
		{0911FB92-6815-454E-9BB3-8B2FE6CB35E3}.Release|Mixed Platforms.ActiveCfg = Release|x86
		{0911FB92-6815-454E-9BB3-8B2FE6CB35E3}.Release|Mixed Platforms.Build.0 = Release|x86
		{0911FB92-6815-454E-9BB3-8B2FE6CB35E3}.Release|x86.ActiveCfg = Release|x86
		{0911FB92-6815-454E-9BB3-8B2FE6CB35E3}.Release|x86.Build.0 = Release|x86
		{C0E11645-7C01-48B7-B103-7657B6835B45}.Debug|Any CPU.ActiveCfg = Debug|Any CPU
		{C0E11645-7C01-48B7-B103-7657B6835B45}.Debug|Any CPU.Build.0 = Debug|Any CPU
		{C0E11645-7C01-48B7-B103-7657B6835B45}.Debug|ARM.ActiveCfg = Debug|Any CPU
		{C0E11645-7C01-48B7-B103-7657B6835B45}.Debug|Mixed Platforms.ActiveCfg = Debug|Any CPU
		{C0E11645-7C01-48B7-B103-7657B6835B45}.Debug|Mixed Platforms.Build.0 = Debug|Any CPU
		{C0E11645-7C01-48B7-B103-7657B6835B45}.Debug|x86.ActiveCfg = Debug|Any CPU
		{C0E11645-7C01-48B7-B103-7657B6835B45}.Release|Any CPU.ActiveCfg = Release|Any CPU
		{C0E11645-7C01-48B7-B103-7657B6835B45}.Release|Any CPU.Build.0 = Release|Any CPU
		{C0E11645-7C01-48B7-B103-7657B6835B45}.Release|ARM.ActiveCfg = Release|Any CPU
		{C0E11645-7C01-48B7-B103-7657B6835B45}.Release|Mixed Platforms.ActiveCfg = Release|Any CPU
		{C0E11645-7C01-48B7-B103-7657B6835B45}.Release|Mixed Platforms.Build.0 = Release|Any CPU
		{C0E11645-7C01-48B7-B103-7657B6835B45}.Release|x86.ActiveCfg = Release|Any CPU
		{8C6F388D-A951-4954-B90F-F67B3026790A}.Debug|Any CPU.ActiveCfg = Debug|Any CPU
		{8C6F388D-A951-4954-B90F-F67B3026790A}.Debug|Any CPU.Build.0 = Debug|Any CPU
		{8C6F388D-A951-4954-B90F-F67B3026790A}.Debug|Any CPU.Deploy.0 = Debug|Any CPU
		{8C6F388D-A951-4954-B90F-F67B3026790A}.Debug|ARM.ActiveCfg = Debug|Any CPU
		{8C6F388D-A951-4954-B90F-F67B3026790A}.Debug|Mixed Platforms.ActiveCfg = Debug|Any CPU
		{8C6F388D-A951-4954-B90F-F67B3026790A}.Debug|Mixed Platforms.Build.0 = Debug|Any CPU
		{8C6F388D-A951-4954-B90F-F67B3026790A}.Debug|Mixed Platforms.Deploy.0 = Debug|Any CPU
		{8C6F388D-A951-4954-B90F-F67B3026790A}.Debug|x86.ActiveCfg = Debug|Any CPU
		{8C6F388D-A951-4954-B90F-F67B3026790A}.Release|Any CPU.ActiveCfg = Release|Any CPU
		{8C6F388D-A951-4954-B90F-F67B3026790A}.Release|Any CPU.Build.0 = Release|Any CPU
		{8C6F388D-A951-4954-B90F-F67B3026790A}.Release|Any CPU.Deploy.0 = Release|Any CPU
		{8C6F388D-A951-4954-B90F-F67B3026790A}.Release|ARM.ActiveCfg = Release|Any CPU
		{8C6F388D-A951-4954-B90F-F67B3026790A}.Release|Mixed Platforms.ActiveCfg = Release|Any CPU
		{8C6F388D-A951-4954-B90F-F67B3026790A}.Release|Mixed Platforms.Build.0 = Release|Any CPU
		{8C6F388D-A951-4954-B90F-F67B3026790A}.Release|Mixed Platforms.Deploy.0 = Release|Any CPU
		{8C6F388D-A951-4954-B90F-F67B3026790A}.Release|x86.ActiveCfg = Release|Any CPU
	EndGlobalSection
	GlobalSection(SolutionProperties) = preSolution
		HideSolutionNode = FALSE
	EndGlobalSection
EndGlobal
